{
  "version": 4,
  "terraform_version": "1.12.1",
  "serial": 7,
  "lineage": "f9e50654-b93b-d7a0-d139-1514e0bde0bd",
  "outputs": {
    "data_volume_ocid": {
      "value": "ocid1.volume.oc1.eu-stockholm-1.abqxeljra7jm7sr5d7afmupra74ngf4biokp2z5mqqi5jaavdz2xn7bdyixq",
      "type": "string"
    },
    "instance_public_ip": {
      "value": "79.76.54.16",
      "type": "string"
    }
  },
  "resources": [
    {
      "mode": "managed",
      "type": "oci_core_default_route_table",
      "name": "hltv",
      "provider": "provider[\"registry.terraform.io/oracle/oci\"]",
      "instances": [
        {
          "schema_version": 0,
          "attributes": {
            "compartment_id": "ocid1.tenancy.oc1..aaaaaaaaakz67n6saoae245vwuoestgqow32yn77oxx33e2knbbymf3vszwa",
            "defined_tags": {
              "Oracle-Tags.CreatedBy": "default/caterpiller@gmail.com",
              "Oracle-Tags.CreatedOn": "2026-08-16T11:28:42.700Z"
            },
            "display_name": "Default Route Table for hltv-vcn",
            "freeform_tags": {},
            "id": "ocid1.routetable.oc1.eu-stockholm-1.aaaaaaaa2ogq6ljczsit4jbp5hemc4qtlotfhlglh5atp724qqicxpsacgtq",
            "manage_default_resource_id": "ocid1.routetable.oc1.eu-stockholm-1.aaaaaaaa2ogq6ljczsit4jbp5hemc4qtlotfhlglh5atp724qqicxpsacgtq",
            "route_rules": [
              {
                "cidr_block": "",
                "description": "",
                "destination": "0.0.0.0/0",
                "destination_type": "CIDR_BLOCK",
                "network_entity_id": "ocid1.internetgateway.oc1.eu-stockholm-1.aaaaaaaalk74walqebs6zzfbeeq7mhpbrv36ar4rwwuy5dnn25i5jbh5otva",
                "route_type": "STATIC"
              }
            ],
            "state": "AVAILABLE",
            "time_created": "2026-08-16 11:28:42.727 +0000 UTC",
            "timeouts": null
          },
          "sensitive_attributes": [],
          "identity_schema_version": 0,
          "private": "eyJlMmJmYjczMC1lY2FhLTExZTYtOGY4OC0zNDM2M2JjN2M0YzAiOnsiY3JlYXRlIjoxMjAwMDAwMDAwMDAwLCJkZWxldGUiOjEyMDAwMDAwMDAwMDAsInVwZGF0ZSI6MTIwMDAwMDAwMDAwMH0sInNjaGVtYV92ZXJzaW9uIjoiMCJ9",
          "dependencies": [
            "oci_core_internet_gateway.hltv",
            "oci_core_vcn.hltv"
          ]
        }
      ]
    },
    {
      "mode": "managed",
      "type": "oci_core_default_security_list",
      "name": "hltv",
      "provider": "provider[\"registry.terraform.io/oracle/oci\"]",
      "instances": [
        {
          "schema_version": 0,
          "attributes": {
            "compartment_id": "ocid1.tenancy.oc1..aaaaaaaaakz67n6saoae245vwuoestgqow32yn77oxx33e2knbbymf3vszwa",
            "defined_tags": {
              "Oracle-Tags.CreatedBy": "default/caterpiller@gmail.com",
              "Oracle-Tags.CreatedOn": "2026-08-16T11:28:42.700Z"
            },
            "display_name": "Default Security List for hltv-vcn",
            "egress_security_rules": [
              {
                "description": "",
                "destination": "0.0.0.0/0",
                "destination_type": "CIDR_BLOCK",
                "icmp_options": [],
                "protocol": "all",
                "stateless": false,
                "tcp_options": [],
                "udp_options": []
              }
            ],
            "freeform_tags": {},
            "id": "ocid1.securitylist.oc1.eu-stockholm-1.aaaaaaaagdd5c5hygh2ezfm6dw2kxffhsfm5uyvvghu3ndpha7a5ox56kd5q",
            "ingress_security_rules": [
              {
                "description": "",
                "icmp_options": [
                  {
                    "code": -1,
                    "type": 3
                  }
                ],
                "protocol": "1",
                "source": "10.0.0.0/16",
                "source_type": "CIDR_BLOCK",
                "stateless": false,
                "tcp_options": [],
                "udp_options": []
              },
              {
                "description": "",
                "icmp_options": [
                  {
                    "code": 4,
                    "type": 3
                  }
                ],
                "protocol": "1",
                "source": "0.0.0.0/0",
                "source_type": "CIDR_BLOCK",
                "stateless": false,
                "tcp_options": [],
                "udp_options": []
              },
              {
                "description": "",
                "icmp_options": [],
                "protocol": "6",
                "source": "0.0.0.0/0",
                "source_type": "CIDR_BLOCK",
                "stateless": false,
                "tcp_options": [
                  {
                    "max": 22,
                    "min": 22,
                    "source_port_range": []
                  }
                ],
                "udp_options": []
              },
              {
                "description": "",
                "icmp_options": [],
                "protocol": "6",
                "source": "0.0.0.0/0",
                "source_type": "CIDR_BLOCK",
                "stateless": false,
                "tcp_options": [
                  {
                    "max": 443,
                    "min": 443,
                    "source_port_range": []
                  }
                ],
                "udp_options": []
              },
              {
                "description": "",
                "icmp_options": [],
                "protocol": "6",
                "source": "0.0.0.0/0",
                "source_type": "CIDR_BLOCK",
                "stateless": false,
                "tcp_options": [
                  {
                    "max": 80,
                    "min": 80,
                    "source_port_range": []
                  }
                ],
                "udp_options": []
              }
            ],
            "manage_default_resource_id": "ocid1.securitylist.oc1.eu-stockholm-1.aaaaaaaagdd5c5hygh2ezfm6dw2kxffhsfm5uyvvghu3ndpha7a5ox56kd5q",
            "state": "AVAILABLE",
            "time_created": "2026-08-16 11:28:42.727 +0000 UTC",
            "timeouts": null
          },
          "sensitive_attributes": [],
          "identity_schema_version": 0,
          "private": "eyJlMmJmYjczMC1lY2FhLTExZTYtOGY4OC0zNDM2M2JjN2M0YzAiOnsiY3JlYXRlIjoxMjAwMDAwMDAwMDAwLCJkZWxldGUiOjEyMDAwMDAwMDAwMDAsInVwZGF0ZSI6MTIwMDAwMDAwMDAwMH0sInNjaGVtYV92ZXJzaW9uIjoiMCJ9",
          "dependencies": [
            "oci_core_vcn.hltv"
          ]
        }
      ]
    },
    {
      "mode": "managed",
      "type": "oci_core_instance",
      "name": "hltv",
      "provider": "provider[\"registry.terraform.io/oracle/oci\"]",
      "instances": [
        {
          "schema_version": 0,
          "attributes": {
            "agent_config": [
              {
                "are_all_plugins_disabled": false,
                "is_management_disabled": false,
                "is_monitoring_disabled": false,
                "plugins_config": []
              }
            ],
            "async": null,
            "availability_config": [
              {
                "is_live_migration_preferred": false,
                "recovery_action": "RESTORE_INSTANCE"
              }
            ],
            "availability_domain": "iJtZ:EU-STOCKHOLM-1-AD-1",
            "boot_volume_id": "ocid1.bootvolume.oc1.eu-stockholm-1.abqxeljrenwuaesbxrawikhm6fpszlp4mqhfrls7n2fobjwhj7oss3u7ds6q",
            "capacity_reservation_id": null,
            "cluster_placement_group_id": null,
            "compartment_id": "ocid1.tenancy.oc1..aaaaaaaaakz67n6saoae245vwuoestgqow32yn77oxx33e2knbbymf3vszwa",
            "compute_cluster_id": null,
            "create_vnic_details": [
              {
                "assign_ipv6ip": false,
                "assign_private_dns_record": false,
                "assign_public_ip": "true",
                "defined_tags": {
                  "Oracle-Tags.CreatedBy": "default/caterpiller@gmail.com",
                  "Oracle-Tags.CreatedOn": "2026-08-19T15:21:17.983Z"
                },
                "display_name": "hltv",
                "freeform_tags": {},
                "hostname_label": "hltv",
                "ipv6address_ipv6subnet_cidr_pair_details": [],
                "nsg_ids": [],
                "private_ip": "10.0.1.19",
                "security_attributes": {},
                "skip_source_dest_check": false,
                "subnet_cidr": "",
                "subnet_id": "ocid1.subnet.oc1.eu-stockholm-1.aaaaaaaaffqdx7tzyxvyhi3av7nx2mj57x73g545gctumwjc4rmaaje2rwja",
                "vlan_id": ""
              }
            ],
            "dedicated_vm_host_id": null,
            "defined_tags": {
              "Oracle-Tags.CreatedBy": "default/caterpiller@gmail.com",
              "Oracle-Tags.CreatedOn": "2026-08-19T15:21:17.897Z"
            },
            "display_name": "hltv",
            "extended_metadata": {},
            "fault_domain": "FAULT-DOMAIN-2",
            "freeform_tags": {},
            "hostname_label": "hltv",
            "id": "ocid1.instance.oc1.eu-stockholm-1.anqxeljrgfoeuricemiuvpjefpmfttrn3nyeqhiz4aoglzu6bqg56zobdava",
            "image": "ocid1.image.oc1.eu-stockholm-1.aaaaaaaaxcefx34xbq2qqbqkzxzmva4jt5aqfd6xdchg7657hfpg7u7evdbq",
            "instance_configuration_id": null,
            "instance_options": [
              {
                "are_legacy_imds_endpoints_disabled": false
              }
            ],
            "ipxe_script": null,
            "is_ai_enterprise_enabled": null,
            "is_cross_numa_node": false,
            "is_pv_encryption_in_transit_enabled": null,
            "launch_mode": "PARAVIRTUALIZED",
            "launch_options": [
              {
                "boot_volume_type": "PARAVIRTUALIZED",
                "firmware": "UEFI_64",
                "is_consistent_volume_naming_enabled": true,
                "is_pv_encryption_in_transit_enabled": false,
                "network_type": "PARAVIRTUALIZED",
                "remote_data_volume_type": "PARAVIRTUALIZED"
              }
            ],
            "launch_volume_attachments": [],
            "licensing_configs": [],
            "metadata": {
              "ssh_authorized_keys": "ssh-rsa AAAAB3NzaC1yc2EAAAADAQABAAABAQDL3Kn2OPnwnm15w17U/oWe3zMG5X/puBaX929LzBIe/5Nrwoavzw6FQqnF9Mq0Y83QsHYAT+NDteONVtHVjUGNKcYOcHBihaviFTs1W1J7UNYM1w+Vtg1l/AnC+XHw6SauGygFBGn7yCh3hp5cIeAtOiNNWEBpdneKaenaema7U/jT93MbjVrqg1SMsRJfxC7j+yJkR87FF414EBzjlI94EUhiwtwR4ERw0YWzBtWN/zDDFih7rxR9jchLOj4Q2RAKl/JKA4h3HR4ZZCzIEl1Rh1D9oRJppjOfFveskrDzCU/NjMmd0Gy10bvtkBHSfa11GSgaZ37D/zdyyUbdTds5 ssh-key-2026-08-16"
            },
            "placement_constraint_details": [],
            "platform_config": [],
            "preemptible_instance_config": [],
            "preserve_boot_volume": true,
            "preserve_data_volumes_created_at_launch": null,
            "private_ip": "10.0.1.19",
            "public_ip": "79.76.54.16",
            "region": "eu-stockholm-1",
            "security_attributes": {},
            "security_attributes_state": "STABLE",
            "shape": "VM.Standard.A1.Flex",
            "shape_config": [
              {
                "baseline_ocpu_utilization": "",
                "gpu_description": "",
                "gpus": 0,
                "local_disk_description": "",
                "local_disks": 0,
                "local_disks_total_size_in_gbs": 0,
                "max_vnic_attachments": 2,
                "memory_in_gbs": 12,
                "networking_bandwidth_in_gbps": 2,
                "nvmes": 0,
                "ocpus": 2,
                "processor_description": "3.0 GHz Ampere® Altra™",
                "resource_management": "",
                "vcpus": 2
              }
            ],
            "source_details": [
              {
                "boot_volume_size_in_gbs": "50",
                "boot_volume_vpus_per_gb": "10",
                "instance_source_image_filter_details": [],
                "is_preserve_boot_volume_enabled": false,
                "kms_key_id": "",
                "source_id": "ocid1.image.oc1.eu-stockholm-1.aaaaaaaaxcefx34xbq2qqbqkzxzmva4jt5aqfd6xdchg7657hfpg7u7evdbq",
                "source_type": "image"
              }
            ],
            "state": "RUNNING",
            "subnet_id": "ocid1.subnet.oc1.eu-stockholm-1.aaaaaaaaffqdx7tzyxvyhi3av7nx2mj57x73g545gctumwjc4rmaaje2rwja",
            "system_tags": {},
            "time_created": "2026-08-19 15:21:18.242 +0000 UTC",
            "time_maintenance_reboot_due": "",
            "timeouts": null,
            "update_operation_constraint": null
          },
          "sensitive_attributes": [],
          "identity_schema_version": 0,
          "private": "eyJlMmJmYjczMC1lY2FhLTExZTYtOGY4OC0zNDM2M2JjN2M0YzAiOnsiY3JlYXRlIjoyNzAwMDAwMDAwMDAwLCJkZWxldGUiOjQ1MDAwMDAwMDAwMDAsInVwZGF0ZSI6MjcwMDAwMDAwMDAwMH19",
          "dependencies": [
            "oci_core_subnet.public",
            "oci_core_vcn.hltv"
          ]
        }
      ]
    },
    {
      "mode": "managed",
      "type": "oci_core_internet_gateway",
      "name": "hltv",
      "provider": "provider[\"registry.terraform.io/oracle/oci\"]",
      "instances": [
        {
          "schema_version": 0,
          "attributes": {
            "compartment_id": "ocid1.tenancy.oc1..aaaaaaaaakz67n6saoae245vwuoestgqow32yn77oxx33e2knbbymf3vszwa",
            "defined_tags": {
              "Oracle-Tags.CreatedBy": "default/caterpiller@gmail.com",
              "Oracle-Tags.CreatedOn": "2026-08-16T11:38:19.813Z"
            },
            "display_name": "hltv-igw",
            "enabled": true,
            "freeform_tags": {},
            "id": "ocid1.internetgateway.oc1.eu-stockholm-1.aaaaaaaalk74walqebs6zzfbeeq7mhpbrv36ar4rwwuy5dnn25i5jbh5otva",
            "route_table_id": null,
            "state": "AVAILABLE",
            "time_created": "2026-08-16 11:38:19.843 +0000 UTC",
            "timeouts": null,
            "vcn_id": "ocid1.vcn.oc1.eu-stockholm-1.amaaaaaagfoeuriayygnwklzknaah6gp5vymafiaq3xzjphoqyzxqgsdwt2q"
          },
          "sensitive_attributes": [],
          "identity_schema_version": 0,
          "private": "eyJlMmJmYjczMC1lY2FhLTExZTYtOGY4OC0zNDM2M2JjN2M0YzAiOnsiY3JlYXRlIjoxMjAwMDAwMDAwMDAwLCJkZWxldGUiOjEyMDAwMDAwMDAwMDAsInVwZGF0ZSI6MTIwMDAwMDAwMDAwMH0sInNjaGVtYV92ZXJzaW9uIjoiMCJ9",
          "dependencies": [
            "oci_core_vcn.hltv"
          ]
        }
      ]
    },
    {
      "mode": "managed",
      "type": "oci_core_subnet",
      "name": "public",
      "provider": "provider[\"registry.terraform.io/oracle/oci\"]",
      "instances": [
        {
          "schema_version": 0,
          "attributes": {
            "availability_domain": null,
            "cidr_block": "10.0.1.0/24",
            "compartment_id": "ocid1.tenancy.oc1..aaaaaaaaakz67n6saoae245vwuoestgqow32yn77oxx33e2knbbymf3vszwa",
            "defined_tags": {
              "Oracle-Tags.CreatedBy": "default/caterpiller@gmail.com",
              "Oracle-Tags.CreatedOn": "2026-08-16T11:40:07.641Z"
            },
            "dhcp_options_id": "ocid1.dhcpoptions.oc1.eu-stockholm-1.aaaaaaaaid6poqmcaniqmnlim3c5kw4b6gw535f3osdn427f64kmvhdmhjiq",
            "display_name": "hltv-public",
            "dns_label": "hltvpublic",
            "freeform_tags": {},
            "id": "ocid1.subnet.oc1.eu-stockholm-1.aaaaaaaaffqdx7tzyxvyhi3av7nx2mj57x73g545gctumwjc4rmaaje2rwja",
            "ipv4cidr_blocks": [
              "10.0.1.0/24"
            ],
            "ipv6cidr_block": null,
            "ipv6cidr_blocks": [],
            "ipv6virtual_router_ip": null,
            "prohibit_internet_ingress": false,
            "prohibit_public_ip_on_vnic": false,
            "route_table_id": "ocid1.routetable.oc1.eu-stockholm-1.aaaaaaaa2ogq6ljczsit4jbp5hemc4qtlotfhlglh5atp724qqicxpsacgtq",
            "security_list_ids": [
              "ocid1.securitylist.oc1.eu-stockholm-1.aaaaaaaagdd5c5hygh2ezfm6dw2kxffhsfm5uyvvghu3ndpha7a5ox56kd5q"
            ],
            "state": "AVAILABLE",
            "subnet_domain_name": "hltvpublic.hltvvcn.oraclevcn.com",
            "time_created": "2026-08-16 11:40:07.669 +0000 UTC",
            "timeouts": null,
            "vcn_id": "ocid1.vcn.oc1.eu-stockholm-1.amaaaaaagfoeuriayygnwklzknaah6gp5vymafiaq3xzjphoqyzxqgsdwt2q",
            "virtual_router_ip": "10.0.1.1",
            "virtual_router_mac": "00:00:17:BC:3E:19"
          },
          "sensitive_attributes": [],
          "identity_schema_version": 0,
          "private": "eyJlMmJmYjczMC1lY2FhLTExZTYtOGY4OC0zNDM2M2JjN2M0YzAiOnsiY3JlYXRlIjoxMjAwMDAwMDAwMDAwLCJkZWxldGUiOjEyMDAwMDAwMDAwMDAsInVwZGF0ZSI6MTIwMDAwMDAwMDAwMH0sInNjaGVtYV92ZXJzaW9uIjoiMCJ9",
          "dependencies": [
            "oci_core_vcn.hltv"
          ]
        }
      ]
    },
    {
      "mode": "managed",
      "type": "oci_core_vcn",
      "name": "hltv",
      "provider": "provider[\"registry.terraform.io/oracle/oci\"]",
      "instances": [
        {
          "schema_version": 0,
          "attributes": {
            "byoipv6cidr_blocks": [],
            "byoipv6cidr_details": [],
            "cidr_block": "10.0.0.0/16",
            "cidr_blocks": [
              "10.0.0.0/16"
            ],
            "compartment_id": "ocid1.tenancy.oc1..aaaaaaaaakz67n6saoae245vwuoestgqow32yn77oxx33e2knbbymf3vszwa",
            "default_dhcp_options_id": "ocid1.dhcpoptions.oc1.eu-stockholm-1.aaaaaaaaid6poqmcaniqmnlim3c5kw4b6gw535f3osdn427f64kmvhdmhjiq",
            "default_route_table_id": "ocid1.routetable.oc1.eu-stockholm-1.aaaaaaaa2ogq6ljczsit4jbp5hemc4qtlotfhlglh5atp724qqicxpsacgtq",
            "default_security_list_id": "ocid1.securitylist.oc1.eu-stockholm-1.aaaaaaaagdd5c5hygh2ezfm6dw2kxffhsfm5uyvvghu3ndpha7a5ox56kd5q",
            "defined_tags": {
              "Oracle-Tags.CreatedBy": "default/caterpiller@gmail.com",
              "Oracle-Tags.CreatedOn": "2026-08-16T11:28:42.700Z"
            },
            "display_name": "hltv-vcn",
            "dns_label": "hltvvcn",
            "freeform_tags": {},
            "id": "ocid1.vcn.oc1.eu-stockholm-1.amaaaaaagfoeuriayygnwklzknaah6gp5vymafiaq3xzjphoqyzxqgsdwt2q",
            "ipv6cidr_blocks": [],
            "ipv6private_cidr_blocks": [],
            "is_ipv6enabled": false,
            "is_oracle_gua_allocation_enabled": null,
            "security_attributes": {},
            "state": "AVAILABLE",
            "time_created": "2026-08-16 11:28:42.727 +0000 UTC",
            "timeouts": null,
            "vcn_domain_name": "hltvvcn.oraclevcn.com"
          },
          "sensitive_attributes": [],
          "identity_schema_version": 0,
          "private": "eyJlMmJmYjczMC1lY2FhLTExZTYtOGY4OC0zNDM2M2JjN2M0YzAiOnsiY3JlYXRlIjoxMjAwMDAwMDAwMDAwLCJkZWxldGUiOjEyMDAwMDAwMDAwMDAsInVwZGF0ZSI6MTIwMDAwMDAwMDAwMH0sInNjaGVtYV92ZXJzaW9uIjoiMCJ9"
        }
      ]
    },
    {
      "mode": "managed",
      "type": "oci_core_volume",
      "name": "data",
      "provider": "provider[\"registry.terraform.io/oracle/oci\"]",
      "instances": [
        {
          "schema_version": 0,
          "attributes": {
            "auto_tuned_vpus_per_gb": null,
            "autotune_policies": [],
            "availability_domain": "iJtZ:EU-STOCKHOLM-1-AD-1",
            "backup_policy_id": null,
            "block_volume_replicas": [],
            "block_volume_replicas_deletion": null,
            "cluster_placement_group_id": null,
            "compartment_id": "ocid1.tenancy.oc1..aaaaaaaaakz67n6saoae245vwuoestgqow32yn77oxx33e2knbbymf3vszwa",
            "defined_tags": {
              "Oracle-Tags.CreatedBy": "default/caterpiller@gmail.com",
              "Oracle-Tags.CreatedOn": "2026-08-19T21:17:04.149Z"
            },
            "display_name": "hltv-data",
            "freeform_tags": {},
            "id": "ocid1.volume.oc1.eu-stockholm-1.abqxeljra7jm7sr5d7afmupra74ngf4biokp2z5mqqi5jaavdz2xn7bdyixq",
            "is_auto_tune_enabled": false,
            "is_hydrated": true,
            "is_reservations_enabled": false,
            "kms_key_id": null,
            "size_in_gbs": "150",
            "size_in_mbs": "153600",
            "source_details": [],
            "state": "AVAILABLE",
            "system_tags": {
              "orcl-cloud.free-tier-retained": "true"
            },
            "time_created": "2026-08-19 21:17:04.155 +0000 UTC",
            "timeouts": null,
            "volume_backup_id": null,
            "volume_group_id": null,
            "vpus_per_gb": "10",
            "xrc_kms_key_id": null
          },
          "sensitive_attributes": [],
          "identity_schema_version": 0,
          "private": "eyJlMmJmYjczMC1lY2FhLTExZTYtOGY4OC0zNDM2M2JjN2M0YzAiOnsiY3JlYXRlIjoxMjAwMDAwMDAwMDAwLCJkZWxldGUiOjEyMDAwMDAwMDAwMDAsInVwZGF0ZSI6MTIwMDAwMDAwMDAwMH19"
        }
      ]
    },
    {
      "mode": "managed",
      "type": "oci_core_volume_attachment",
      "name": "data",
      "provider": "provider[\"registry.terraform.io/oracle/oci\"]",
      "instances": [
        {
          "schema_version": 0,
          "attributes": {
            "attachment_type": "paravirtualized",
            "availability_domain": "iJtZ:EU-STOCKHOLM-1-AD-1",
            "chap_secret": null,
            "chap_username": null,
            "compartment_id": "ocid1.tenancy.oc1..aaaaaaaaakz67n6saoae245vwuoestgqow32yn77oxx33e2knbbymf3vszwa",
            "device": null,
            "display_name": "volumeattachment20260819211717",
            "encryption_in_transit_type": null,
            "id": "ocid1.volumeattachment.oc1.eu-stockholm-1.anqxeljrgfoeurich3btzpxj5fztgvwskh3gyli64n7wwnz4xukohllolvpa",
            "instance_id": "ocid1.instance.oc1.eu-stockholm-1.anqxeljrgfoeuricemiuvpjefpmfttrn3nyeqhiz4aoglzu6bqg56zobdava",
            "ipv4": null,
            "iqn": null,
            "is_agent_auto_iscsi_login_enabled": null,
            "is_multipath": null,
            "is_pv_encryption_in_transit_enabled": false,
            "is_read_only": false,
            "is_shareable": false,
            "is_volume_created_during_launch": false,
            "iscsi_login_state": "",
            "multipath_devices": [],
            "port": null,
            "state": "ATTACHED",
            "time_created": "2026-08-19 21:17:17.429 +0000 UTC",
            "timeouts": null,
            "use_chap": null,
            "volume_id": "ocid1.volume.oc1.eu-stockholm-1.abqxeljra7jm7sr5d7afmupra74ngf4biokp2z5mqqi5jaavdz2xn7bdyixq"
          },
          "sensitive_attributes": [],
          "identity_schema_version": 0,
          "private": "eyJlMmJmYjczMC1lY2FhLTExZTYtOGY4OC0zNDM2M2JjN2M0YzAiOnsiY3JlYXRlIjoxMjAwMDAwMDAwMDAwLCJkZWxldGUiOjEyMDAwMDAwMDAwMDAsInVwZGF0ZSI6MTIwMDAwMDAwMDAwMH19",
          "dependencies": [
            "oci_core_instance.hltv",
            "oci_core_subnet.public",
            "oci_core_vcn.hltv",
            "oci_core_volume.data"
          ]
        }
      ]
    }
  ],
  "check_results": null
}
